
Microsoft Visual Studio Solution File, Format Version 12.00
# Visual Studio Version 16
VisualStudioVersion = 16.0.32126.315
MinimumVisualStudioVersion = 10.0.40219.1
Project("{9A19103F-16F7-4668-BE54-9A1E7A4F7556}") = "Taxi.Common", "Taxi.Common\Taxi.Common.csproj", "{0E14E6AE-F08D-4A4F-B5CE-6D65CDE42E1A}"
EndProject
Project("{9A19103F-16F7-4668-BE54-9A1E7A4F7556}") = "Taxi.Web", "Taxi.Web\Taxi.Web.csproj", "{8C3F63CB-2DFC-46FA-906F-1DDB5C0E43B8}"
EndProject
Project("{9A19103F-16F7-4668-BE54-9A1E7A4F7556}") = "Taxi.Prism", "Taxi.Prism\Taxi.Prism\Taxi.Prism.csproj", "{17EF7DEA-AD36-4F3A-8C4D-BABFE3917AFA}"
EndProject
Project("{FAE04EC0-301F-11D3-BF4B-00C04F79EFBC}") = "Taxi.Prism.Android", "Taxi.Prism\Taxi.Prism.Android\Taxi.Prism.Android.csproj", "{BFC42874-BAEC-4518-B0DD-6FDA2381A35D}"
EndProject
Project("{FAE04EC0-301F-11D3-BF4B-00C04F79EFBC}") = "Taxi.Prism.iOS", "Taxi.Prism\Taxi.Prism.iOS\Taxi.Prism.iOS.csproj", "{8D4AC663-04F4-4673-8EC7-C24700A7131F}"
EndProject
Project("{FAE04EC0-301F-11D3-BF4B-00C04F79EFBC}") = "Taxi.Cross.Android", "Taxi.Cross.Android\Taxi.Cross.Android.csproj", "{090501B8-AE86-4E07-A08E-F7C1A72BAC26}"
EndProject
Project("{FAE04EC0-301F-11D3-BF4B-00C04F79EFBC}") = "Taxi.Cross.iOS", "Taxi.Cross.iOS\Taxi.Cross.iOS.csproj", "{468CBC1D-3588-4242-8046-E1F82DF54F13}"
EndProject
Global
	GlobalSection(SolutionConfigurationPlatforms) = preSolution
		Ad-Hoc|Any CPU = Ad-Hoc|Any CPU
		Ad-Hoc|iPhone = Ad-Hoc|iPhone
		Ad-Hoc|iPhoneSimulator = Ad-Hoc|iPhoneSimulator
		AppStore|Any CPU = AppStore|Any CPU
		AppStore|iPhone = AppStore|iPhone
		AppStore|iPhoneSimulator = AppStore|iPhoneSimulator
		Debug|Any CPU = Debug|Any CPU
		Debug|iPhone = Debug|iPhone
		Debug|iPhoneSimulator = Debug|iPhoneSimulator
		Release|Any CPU = Release|Any CPU
		Release|iPhone = Release|iPhone
		Release|iPhoneSimulator = Release|iPhoneSimulator
	EndGlobalSection
	GlobalSection(ProjectConfigurationPlatforms) = postSolution
		{0E14E6AE-F08D-4A4F-B5CE-6D65CDE42E1A}.Ad-Hoc|Any CPU.ActiveCfg = Release|Any CPU
		{0E14E6AE-F08D-4A4F-B5CE-6D65CDE42E1A}.Ad-Hoc|Any CPU.Build.0 = Release|Any CPU
		{0E14E6AE-F08D-4A4F-B5CE-6D65CDE42E1A}.Ad-Hoc|iPhone.ActiveCfg = Release|Any CPU
		{0E14E6AE-F08D-4A4F-B5CE-6D65CDE42E1A}.Ad-Hoc|iPhone.Build.0 = Release|Any CPU
		{0E14E6AE-F08D-4A4F-B5CE-6D65CDE42E1A}.Ad-Hoc|iPhoneSimulator.ActiveCfg = Release|Any CPU
		{0E14E6AE-F08D-4A4F-B5CE-6D65CDE42E1A}.Ad-Hoc|iPhoneSimulator.Build.0 = Release|Any CPU
		{0E14E6AE-F08D-4A4F-B5CE-6D65CDE42E1A}.AppStore|Any CPU.ActiveCfg = Release|Any CPU
		{0E14E6AE-F08D-4A4F-B5CE-6D65CDE42E1A}.AppStore|Any CPU.Build.0 = Release|Any CPU
		{0E14E6AE-F08D-4A4F-B5CE-6D65CDE42E1A}.AppStore|iPhone.ActiveCfg = Release|Any CPU
		{0E14E6AE-F08D-4A4F-B5CE-6D65CDE42E1A}.AppStore|iPhone.Build.0 = Release|Any CPU
		{0E14E6AE-F08D-4A4F-B5CE-6D65CDE42E1A}.AppStore|iPhoneSimulator.ActiveCfg = Release|Any CPU
		{0E14E6AE-F08D-4A4F-B5CE-6D65CDE42E1A}.AppStore|iPhoneSimulator.Build.0 = Release|Any CPU
		{0E14E6AE-F08D-4A4F-B5CE-6D65CDE42E1A}.Debug|Any CPU.ActiveCfg = Debug|Any CPU
		{0E14E6AE-F08D-4A4F-B5CE-6D65CDE42E1A}.Debug|Any CPU.Build.0 = Debug|Any CPU
		{0E14E6AE-F08D-4A4F-B5CE-6D65CDE42E1A}.Debug|iPhone.ActiveCfg = Debug|Any CPU
		{0E14E6AE-F08D-4A4F-B5CE-6D65CDE42E1A}.Debug|iPhone.Build.0 = Debug|Any CPU
		{0E14E6AE-F08D-4A4F-B5CE-6D65CDE42E1A}.Debug|iPhoneSimulator.ActiveCfg = Debug|Any CPU
		{0E14E6AE-F08D-4A4F-B5CE-6D65CDE42E1A}.Debug|iPhoneSimulator.Build.0 = Debug|Any CPU
		{0E14E6AE-F08D-4A4F-B5CE-6D65CDE42E1A}.Release|Any CPU.ActiveCfg = Release|Any CPU
		{0E14E6AE-F08D-4A4F-B5CE-6D65CDE42E1A}.Release|Any CPU.Build.0 = Release|Any CPU
		{0E14E6AE-F08D-4A4F-B5CE-6D65CDE42E1A}.Release|iPhone.ActiveCfg = Release|Any CPU
		{0E14E6AE-F08D-4A4F-B5CE-6D65CDE42E1A}.Release|iPhone.Build.0 = Release|Any CPU
		{0E14E6AE-F08D-4A4F-B5CE-6D65CDE42E1A}.Release|iPhoneSimulator.ActiveCfg = Release|Any CPU
		{0E14E6AE-F08D-4A4F-B5CE-6D65CDE42E1A}.Release|iPhoneSimulator.Build.0 = Release|Any CPU
		{8C3F63CB-2DFC-46FA-906F-1DDB5C0E43B8}.Ad-Hoc|Any CPU.ActiveCfg = Release|Any CPU
		{8C3F63CB-2DFC-46FA-906F-1DDB5C0E43B8}.Ad-Hoc|Any CPU.Build.0 = Release|Any CPU
		{8C3F63CB-2DFC-46FA-906F-1DDB5C0E43B8}.Ad-Hoc|iPhone.ActiveCfg = Release|Any CPU
		{8C3F63CB-2DFC-46FA-906F-1DDB5C0E43B8}.Ad-Hoc|iPhone.Build.0 = Release|Any CPU
		{8C3F63CB-2DFC-46FA-906F-1DDB5C0E43B8}.Ad-Hoc|iPhoneSimulator.ActiveCfg = Release|Any CPU
		{8C3F63CB-2DFC-46FA-906F-1DDB5C0E43B8}.Ad-Hoc|iPhoneSimulator.Build.0 = Release|Any CPU
		{8C3F63CB-2DFC-46FA-906F-1DDB5C0E43B8}.AppStore|Any CPU.ActiveCfg = Release|Any CPU
		{8C3F63CB-2DFC-46FA-906F-1DDB5C0E43B8}.AppStore|Any CPU.Build.0 = Release|Any CPU
		{8C3F63CB-2DFC-46FA-906F-1DDB5C0E43B8}.AppStore|iPhone.ActiveCfg = Release|Any CPU
		{8C3F63CB-2DFC-46FA-906F-1DDB5C0E43B8}.AppStore|iPhone.Build.0 = Release|Any CPU
		{8C3F63CB-2DFC-46FA-906F-1DDB5C0E43B8}.AppStore|iPhoneSimulator.ActiveCfg = Release|Any CPU
		{8C3F63CB-2DFC-46FA-906F-1DDB5C0E43B8}.AppStore|iPhoneSimulator.Build.0 = Release|Any CPU
		{8C3F63CB-2DFC-46FA-906F-1DDB5C0E43B8}.Debug|Any CPU.ActiveCfg = Debug|Any CPU
		{8C3F63CB-2DFC-46FA-906F-1DDB5C0E43B8}.Debug|Any CPU.Build.0 = Debug|Any CPU
		{8C3F63CB-2DFC-46FA-906F-1DDB5C0E43B8}.Debug|iPhone.ActiveCfg = Debug|Any CPU
		{8C3F63CB-2DFC-46FA-906F-1DDB5C0E43B8}.Debug|iPhone.Build.0 = Debug|Any CPU
		{8C3F63CB-2DFC-46FA-906F-1DDB5C0E43B8}.Debug|iPhoneSimulator.ActiveCfg = Debug|Any CPU
		{8C3F63CB-2DFC-46FA-906F-1DDB5C0E43B8}.Debug|iPhoneSimulator.Build.0 = Debug|Any CPU
		{8C3F63CB-2DFC-46FA-906F-1DDB5C0E43B8}.Release|Any CPU.ActiveCfg = Release|Any CPU
		{8C3F63CB-2DFC-46FA-906F-1DDB5C0E43B8}.Release|Any CPU.Build.0 = Release|Any CPU
		{8C3F63CB-2DFC-46FA-906F-1DDB5C0E43B8}.Release|iPhone.ActiveCfg = Release|Any CPU
		{8C3F63CB-2DFC-46FA-906F-1DDB5C0E43B8}.Release|iPhone.Build.0 = Release|Any CPU
		{8C3F63CB-2DFC-46FA-906F-1DDB5C0E43B8}.Release|iPhoneSimulator.ActiveCfg = Release|Any CPU
		{8C3F63CB-2DFC-46FA-906F-1DDB5C0E43B8}.Release|iPhoneSimulator.Build.0 = Release|Any CPU
		{17EF7DEA-AD36-4F3A-8C4D-BABFE3917AFA}.Ad-Hoc|Any CPU.ActiveCfg = Debug|Any CPU
		{17EF7DEA-AD36-4F3A-8C4D-BABFE3917AFA}.Ad-Hoc|Any CPU.Build.0 = Debug|Any CPU
		{17EF7DEA-AD36-4F3A-8C4D-BABFE3917AFA}.Ad-Hoc|iPhone.ActiveCfg = Debug|Any CPU
		{17EF7DEA-AD36-4F3A-8C4D-BABFE3917AFA}.Ad-Hoc|iPhone.Build.0 = Debug|Any CPU
		{17EF7DEA-AD36-4F3A-8C4D-BABFE3917AFA}.Ad-Hoc|iPhoneSimulator.ActiveCfg = Debug|Any CPU
		{17EF7DEA-AD36-4F3A-8C4D-BABFE3917AFA}.Ad-Hoc|iPhoneSimulator.Build.0 = Debug|Any CPU
		{17EF7DEA-AD36-4F3A-8C4D-BABFE3917AFA}.AppStore|Any CPU.ActiveCfg = Debug|Any CPU
		{17EF7DEA-AD36-4F3A-8C4D-BABFE3917AFA}.AppStore|Any CPU.Build.0 = Debug|Any CPU
		{17EF7DEA-AD36-4F3A-8C4D-BABFE3917AFA}.AppStore|iPhone.ActiveCfg = Debug|Any CPU
		{17EF7DEA-AD36-4F3A-8C4D-BABFE3917AFA}.AppStore|iPhone.Build.0 = Debug|Any CPU
		{17EF7DEA-AD36-4F3A-8C4D-BABFE3917AFA}.AppStore|iPhoneSimulator.ActiveCfg = Debug|Any CPU
		{17EF7DEA-AD36-4F3A-8C4D-BABFE3917AFA}.AppStore|iPhoneSimulator.Build.0 = Debug|Any CPU
		{17EF7DEA-AD36-4F3A-8C4D-BABFE3917AFA}.Debug|Any CPU.ActiveCfg = Debug|Any CPU
		{17EF7DEA-AD36-4F3A-8C4D-BABFE3917AFA}.Debug|Any CPU.Build.0 = Debug|Any CPU
		{17EF7DEA-AD36-4F3A-8C4D-BABFE3917AFA}.Debug|iPhone.ActiveCfg = Debug|Any CPU
		{17EF7DEA-AD36-4F3A-8C4D-BABFE3917AFA}.Debug|iPhone.Build.0 = Debug|Any CPU
		{17EF7DEA-AD36-4F3A-8C4D-BABFE3917AFA}.Debug|iPhoneSimulator.ActiveCfg = Debug|Any CPU
		{17EF7DEA-AD36-4F3A-8C4D-BABFE3917AFA}.Debug|iPhoneSimulator.Build.0 = Debug|Any CPU
		{17EF7DEA-AD36-4F3A-8C4D-BABFE3917AFA}.Release|Any CPU.ActiveCfg = Release|Any CPU
		{17EF7DEA-AD36-4F3A-8C4D-BABFE3917AFA}.Release|Any CPU.Build.0 = Release|Any CPU
		{17EF7DEA-AD36-4F3A-8C4D-BABFE3917AFA}.Release|iPhone.ActiveCfg = Release|Any CPU
		{17EF7DEA-AD36-4F3A-8C4D-BABFE3917AFA}.Release|iPhone.Build.0 = Release|Any CPU
		{17EF7DEA-AD36-4F3A-8C4D-BABFE3917AFA}.Release|iPhoneSimulator.ActiveCfg = Release|Any CPU
		{17EF7DEA-AD36-4F3A-8C4D-BABFE3917AFA}.Release|iPhoneSimulator.Build.0 = Release|Any CPU
		{BFC42874-BAEC-4518-B0DD-6FDA2381A35D}.Ad-Hoc|Any CPU.ActiveCfg = Debug|Any CPU
		{BFC42874-BAEC-4518-B0DD-6FDA2381A35D}.Ad-Hoc|Any CPU.Build.0 = Debug|Any CPU
		{BFC42874-BAEC-4518-B0DD-6FDA2381A35D}.Ad-Hoc|Any CPU.Deploy.0 = Debug|Any CPU
		{BFC42874-BAEC-4518-B0DD-6FDA2381A35D}.Ad-Hoc|iPhone.ActiveCfg = Debug|Any CPU
		{BFC42874-BAEC-4518-B0DD-6FDA2381A35D}.Ad-Hoc|iPhone.Build.0 = Debug|Any CPU
		{BFC42874-BAEC-4518-B0DD-6FDA2381A35D}.Ad-Hoc|iPhone.Deploy.0 = Debug|Any CPU
		{BFC42874-BAEC-4518-B0DD-6FDA2381A35D}.Ad-Hoc|iPhoneSimulator.ActiveCfg = Debug|Any CPU
		{BFC42874-BAEC-4518-B0DD-6FDA2381A35D}.Ad-Hoc|iPhoneSimulator.Build.0 = Debug|Any CPU
		{BFC42874-BAEC-4518-B0DD-6FDA2381A35D}.Ad-Hoc|iPhoneSimulator.Deploy.0 = Debug|Any CPU
		{BFC42874-BAEC-4518-B0DD-6FDA2381A35D}.AppStore|Any CPU.ActiveCfg = Debug|Any CPU
		{BFC42874-BAEC-4518-B0DD-6FDA2381A35D}.AppStore|Any CPU.Build.0 = Debug|Any CPU
		{BFC42874-BAEC-4518-B0DD-6FDA2381A35D}.AppStore|Any CPU.Deploy.0 = Debug|Any CPU
		{BFC42874-BAEC-4518-B0DD-6FDA2381A35D}.AppStore|iPhone.ActiveCfg = Debug|Any CPU
		{BFC42874-BAEC-4518-B0DD-6FDA2381A35D}.AppStore|iPhone.Build.0 = Debug|Any CPU
		{BFC42874-BAEC-4518-B0DD-6FDA2381A35D}.AppStore|iPhone.Deploy.0 = Debug|Any CPU
		{BFC42874-BAEC-4518-B0DD-6FDA2381A35D}.AppStore|iPhoneSimulator.ActiveCfg = Debug|Any CPU
		{BFC42874-BAEC-4518-B0DD-6FDA2381A35D}.AppStore|iPhoneSimulator.Build.0 = Debug|Any CPU
		{BFC42874-BAEC-4518-B0DD-6FDA2381A35D}.AppStore|iPhoneSimulator.Deploy.0 = Debug|Any CPU
		{BFC42874-BAEC-4518-B0DD-6FDA2381A35D}.Debug|Any CPU.ActiveCfg = Debug|Any CPU
		{BFC42874-BAEC-4518-B0DD-6FDA2381A35D}.Debug|Any CPU.Build.0 = Debug|Any CPU
		{BFC42874-BAEC-4518-B0DD-6FDA2381A35D}.Debug|Any CPU.Deploy.0 = Debug|Any CPU
		{BFC42874-BAEC-4518-B0DD-6FDA2381A35D}.Debug|iPhone.ActiveCfg = Debug|Any CPU
		{BFC42874-BAEC-4518-B0DD-6FDA2381A35D}.Debug|iPhone.Build.0 = Debug|Any CPU
		{BFC42874-BAEC-4518-B0DD-6FDA2381A35D}.Debug|iPhone.Deploy.0 = Debug|Any CPU
		{BFC42874-BAEC-4518-B0DD-6FDA2381A35D}.Debug|iPhoneSimulator.ActiveCfg = Debug|Any CPU
		{BFC42874-BAEC-4518-B0DD-6FDA2381A35D}.Debug|iPhoneSimulator.Build.0 = Debug|Any CPU
		{BFC42874-BAEC-4518-B0DD-6FDA2381A35D}.Debug|iPhoneSimulator.Deploy.0 = Debug|Any CPU
		{BFC42874-BAEC-4518-B0DD-6FDA2381A35D}.Release|Any CPU.ActiveCfg = Release|Any CPU
		{BFC42874-BAEC-4518-B0DD-6FDA2381A35D}.Release|Any CPU.Build.0 = Release|Any CPU
		{BFC42874-BAEC-4518-B0DD-6FDA2381A35D}.Release|Any CPU.Deploy.0 = Release|Any CPU
		{BFC42874-BAEC-4518-B0DD-6FDA2381A35D}.Release|iPhone.ActiveCfg = Release|Any CPU
		{BFC42874-BAEC-4518-B0DD-6FDA2381A35D}.Release|iPhone.Build.0 = Release|Any CPU
		{BFC42874-BAEC-4518-B0DD-6FDA2381A35D}.Release|iPhone.Deploy.0 = Release|Any CPU
		{BFC42874-BAEC-4518-B0DD-6FDA2381A35D}.Release|iPhoneSimulator.ActiveCfg = Release|Any CPU
		{BFC42874-BAEC-4518-B0DD-6FDA2381A35D}.Release|iPhoneSimulator.Build.0 = Release|Any CPU
		{BFC42874-BAEC-4518-B0DD-6FDA2381A35D}.Release|iPhoneSimulator.Deploy.0 = Release|Any CPU
		{8D4AC663-04F4-4673-8EC7-C24700A7131F}.Ad-Hoc|Any CPU.ActiveCfg = Ad-Hoc|iPhoneSimulator
		{8D4AC663-04F4-4673-8EC7-C24700A7131F}.Ad-Hoc|iPhone.ActiveCfg = Ad-Hoc|iPhone
		{8D4AC663-04F4-4673-8EC7-C24700A7131F}.Ad-Hoc|iPhone.Build.0 = Ad-Hoc|iPhone
		{8D4AC663-04F4-4673-8EC7-C24700A7131F}.Ad-Hoc|iPhoneSimulator.ActiveCfg = Ad-Hoc|iPhoneSimulator
		{8D4AC663-04F4-4673-8EC7-C24700A7131F}.Ad-Hoc|iPhoneSimulator.Build.0 = Ad-Hoc|iPhoneSimulator
		{8D4AC663-04F4-4673-8EC7-C24700A7131F}.AppStore|Any CPU.ActiveCfg = AppStore|iPhoneSimulator
		{8D4AC663-04F4-4673-8EC7-C24700A7131F}.AppStore|iPhone.ActiveCfg = AppStore|iPhone
		{8D4AC663-04F4-4673-8EC7-C24700A7131F}.AppStore|iPhone.Build.0 = AppStore|iPhone
		{8D4AC663-04F4-4673-8EC7-C24700A7131F}.AppStore|iPhoneSimulator.ActiveCfg = AppStore|iPhoneSimulator
		{8D4AC663-04F4-4673-8EC7-C24700A7131F}.AppStore|iPhoneSimulator.Build.0 = AppStore|iPhoneSimulator
		{8D4AC663-04F4-4673-8EC7-C24700A7131F}.Debug|Any CPU.ActiveCfg = Debug|iPhoneSimulator
		{8D4AC663-04F4-4673-8EC7-C24700A7131F}.Debug|iPhone.ActiveCfg = Debug|iPhone
		{8D4AC663-04F4-4673-8EC7-C24700A7131F}.Debug|iPhone.Build.0 = Debug|iPhone
		{8D4AC663-04F4-4673-8EC7-C24700A7131F}.Debug|iPhoneSimulator.ActiveCfg = Debug|iPhoneSimulator
		{8D4AC663-04F4-4673-8EC7-C24700A7131F}.Debug|iPhoneSimulator.Build.0 = Debug|iPhoneSimulator
		{8D4AC663-04F4-4673-8EC7-C24700A7131F}.Release|Any CPU.ActiveCfg = Release|iPhoneSimulator
		{8D4AC663-04F4-4673-8EC7-C24700A7131F}.Release|iPhone.ActiveCfg = Release|iPhone
		{8D4AC663-04F4-4673-8EC7-C24700A7131F}.Release|iPhone.Build.0 = Release|iPhone
		{8D4AC663-04F4-4673-8EC7-C24700A7131F}.Release|iPhoneSimulator.ActiveCfg = Release|iPhoneSimulator
		{8D4AC663-04F4-4673-8EC7-C24700A7131F}.Release|iPhoneSimulator.Build.0 = Release|iPhoneSimulator
		{090501B8-AE86-4E07-A08E-F7C1A72BAC26}.Ad-Hoc|Any CPU.ActiveCfg = Debug|Any CPU
		{090501B8-AE86-4E07-A08E-F7C1A72BAC26}.Ad-Hoc|Any CPU.Build.0 = Debug|Any CPU
		{090501B8-AE86-4E07-A08E-F7C1A72BAC26}.Ad-Hoc|Any CPU.Deploy.0 = Debug|Any CPU
		{090501B8-AE86-4E07-A08E-F7C1A72BAC26}.Ad-Hoc|iPhone.ActiveCfg = Debug|Any CPU
		{090501B8-AE86-4E07-A08E-F7C1A72BAC26}.Ad-Hoc|iPhone.Build.0 = Debug|Any CPU
		{090501B8-AE86-4E07-A08E-F7C1A72BAC26}.Ad-Hoc|iPhone.Deploy.0 = Debug|Any CPU
		{090501B8-AE86-4E07-A08E-F7C1A72BAC26}.Ad-Hoc|iPhoneSimulator.ActiveCfg = Debug|Any CPU
		{090501B8-AE86-4E07-A08E-F7C1A72BAC26}.Ad-Hoc|iPhoneSimulator.Build.0 = Debug|Any CPU
		{090501B8-AE86-4E07-A08E-F7C1A72BAC26}.Ad-Hoc|iPhoneSimulator.Deploy.0 = Debug|Any CPU
		{090501B8-AE86-4E07-A08E-F7C1A72BAC26}.AppStore|Any CPU.ActiveCfg = Debug|Any CPU
		{090501B8-AE86-4E07-A08E-F7C1A72BAC26}.AppStore|Any CPU.Build.0 = Debug|Any CPU
		{090501B8-AE86-4E07-A08E-F7C1A72BAC26}.AppStore|Any CPU.Deploy.0 = Debug|Any CPU
		{090501B8-AE86-4E07-A08E-F7C1A72BAC26}.AppStore|iPhone.ActiveCfg = Debug|Any CPU
		{090501B8-AE86-4E07-A08E-F7C1A72BAC26}.AppStore|iPhone.Build.0 = Debug|Any CPU
		{090501B8-AE86-4E07-A08E-F7C1A72BAC26}.AppStore|iPhone.Deploy.0 = Debug|Any CPU
		{090501B8-AE86-4E07-A08E-F7C1A72BAC26}.AppStore|iPhoneSimulator.ActiveCfg = Debug|Any CPU
		{090501B8-AE86-4E07-A08E-F7C1A72BAC26}.AppStore|iPhoneSimulator.Build.0 = Debug|Any CPU
		{090501B8-AE86-4E07-A08E-F7C1A72BAC26}.AppStore|iPhoneSimulator.Deploy.0 = Debug|Any CPU
		{090501B8-AE86-4E07-A08E-F7C1A72BAC26}.Debug|Any CPU.ActiveCfg = Debug|Any CPU
		{090501B8-AE86-4E07-A08E-F7C1A72BAC26}.Debug|Any CPU.Build.0 = Debug|Any CPU
		{090501B8-AE86-4E07-A08E-F7C1A72BAC26}.Debug|Any CPU.Deploy.0 = Debug|Any CPU
		{090501B8-AE86-4E07-A08E-F7C1A72BAC26}.Debug|iPhone.ActiveCfg = Debug|Any CPU
		{090501B8-AE86-4E07-A08E-F7C1A72BAC26}.Debug|iPhone.Build.0 = Debug|Any CPU
		{090501B8-AE86-4E07-A08E-F7C1A72BAC26}.Debug|iPhone.Deploy.0 = Debug|Any CPU
		{090501B8-AE86-4E07-A08E-F7C1A72BAC26}.Debug|iPhoneSimulator.ActiveCfg = Debug|Any CPU
		{090501B8-AE86-4E07-A08E-F7C1A72BAC26}.Debug|iPhoneSimulator.Build.0 = Debug|Any CPU
		{090501B8-AE86-4E07-A08E-F7C1A72BAC26}.Debug|iPhoneSimulator.Deploy.0 = Debug|Any CPU
		{090501B8-AE86-4E07-A08E-F7C1A72BAC26}.Release|Any CPU.ActiveCfg = Release|Any CPU
		{090501B8-AE86-4E07-A08E-F7C1A72BAC26}.Release|Any CPU.Build.0 = Release|Any CPU
		{090501B8-AE86-4E07-A08E-F7C1A72BAC26}.Release|Any CPU.Deploy.0 = Release|Any CPU
		{090501B8-AE86-4E07-A08E-F7C1A72BAC26}.Release|iPhone.ActiveCfg = Release|Any CPU
		{090501B8-AE86-4E07-A08E-F7C1A72BAC26}.Release|iPhone.Build.0 = Release|Any CPU
		{090501B8-AE86-4E07-A08E-F7C1A72BAC26}.Release|iPhone.Deploy.0 = Release|Any CPU
		{090501B8-AE86-4E07-A08E-F7C1A72BAC26}.Release|iPhoneSimulator.ActiveCfg = Release|Any CPU
		{090501B8-AE86-4E07-A08E-F7C1A72BAC26}.Release|iPhoneSimulator.Build.0 = Release|Any CPU
		{090501B8-AE86-4E07-A08E-F7C1A72BAC26}.Release|iPhoneSimulator.Deploy.0 = Release|Any CPU
		{468CBC1D-3588-4242-8046-E1F82DF54F13}.Ad-Hoc|Any CPU.ActiveCfg = Debug|iPhoneSimulator
		{468CBC1D-3588-4242-8046-E1F82DF54F13}.Ad-Hoc|Any CPU.Build.0 = Debug|iPhoneSimulator
		{468CBC1D-3588-4242-8046-E1F82DF54F13}.Ad-Hoc|iPhone.ActiveCfg = Debug|iPhone
		{468CBC1D-3588-4242-8046-E1F82DF54F13}.Ad-Hoc|iPhone.Build.0 = Debug|iPhone
		{468CBC1D-3588-4242-8046-E1F82DF54F13}.Ad-Hoc|iPhoneSimulator.ActiveCfg = Debug|iPhoneSimulator
		{468CBC1D-3588-4242-8046-E1F82DF54F13}.Ad-Hoc|iPhoneSimulator.Build.0 = Debug|iPhoneSimulator
		{468CBC1D-3588-4242-8046-E1F82DF54F13}.AppStore|Any CPU.ActiveCfg = Debug|iPhoneSimulator
		{468CBC1D-3588-4242-8046-E1F82DF54F13}.AppStore|Any CPU.Build.0 = Debug|iPhoneSimulator
		{468CBC1D-3588-4242-8046-E1F82DF54F13}.AppStore|iPhone.ActiveCfg = Debug|iPhone
		{468CBC1D-3588-4242-8046-E1F82DF54F13}.AppStore|iPhone.Build.0 = Debug|iPhone
		{468CBC1D-3588-4242-8046-E1F82DF54F13}.AppStore|iPhoneSimulator.ActiveCfg = Debug|iPhoneSimulator
		{468CBC1D-3588-4242-8046-E1F82DF54F13}.AppStore|iPhoneSimulator.Build.0 = Debug|iPhoneSimulator
		{468CBC1D-3588-4242-8046-E1F82DF54F13}.Debug|Any CPU.ActiveCfg = Debug|iPhoneSimulator
		{468CBC1D-3588-4242-8046-E1F82DF54F13}.Debug|iPhone.ActiveCfg = Debug|iPhone
		{468CBC1D-3588-4242-8046-E1F82DF54F13}.Debug|iPhone.Build.0 = Debug|iPhone
		{468CBC1D-3588-4242-8046-E1F82DF54F13}.Debug|iPhoneSimulator.ActiveCfg = Debug|iPhoneSimulator
		{468CBC1D-3588-4242-8046-E1F82DF54F13}.Debug|iPhoneSimulator.Build.0 = Debug|iPhoneSimulator
		{468CBC1D-3588-4242-8046-E1F82DF54F13}.Release|Any CPU.ActiveCfg = Release|iPhoneSimulator
		{468CBC1D-3588-4242-8046-E1F82DF54F13}.Release|iPhone.ActiveCfg = Release|iPhone
		{468CBC1D-3588-4242-8046-E1F82DF54F13}.Release|iPhone.Build.0 = Release|iPhone
		{468CBC1D-3588-4242-8046-E1F82DF54F13}.Release|iPhoneSimulator.ActiveCfg = Release|iPhoneSimulator
		{468CBC1D-3588-4242-8046-E1F82DF54F13}.Release|iPhoneSimulator.Build.0 = Release|iPhoneSimulator
	EndGlobalSection
	GlobalSection(SolutionProperties) = preSolution
		HideSolutionNode = FALSE
	EndGlobalSection
	GlobalSection(ExtensibilityGlobals) = postSolution
		SolutionGuid = {BE42D2E9-452C-4660-8DE9-A515281E21D1}
	EndGlobalSection
EndGlobal
